
Microsoft Visual Studio Solution File, Format Version 12.00
# Visual Studio Version 17
VisualStudioVersion = 17.6.33815.320
MinimumVisualStudioVersion = 10.0.40219.1
Project("{FAE04EC0-301F-11D3-BF4B-00C04F79EFBC}") = "Winnipeg Hockey League", "Winnipeg Hockey League\Winnipeg Hockey League.csproj", "{CA9193CD-9FAE-468A-AE23-F5ECBE548AF7}"
EndProject
Global
	GlobalSection(SolutionConfigurationPlatforms) = preSolution
		Debug|Any CPU = Debug|Any CPU
		Release|Any CPU = Release|Any CPU
	EndGlobalSection
	GlobalSection(ProjectConfigurationPlatforms) = postSolution
		{CA9193CD-9FAE-468A-AE23-F5ECBE548AF7}.Debug|Any CPU.ActiveCfg = Debug|Any CPU
		{CA9193CD-9FAE-468A-AE23-F5ECBE548AF7}.Debug|Any CPU.Build.0 = Debug|Any CPU
		{CA9193CD-9FAE-468A-AE23-F5ECBE548AF7}.Release|Any CPU.ActiveCfg = Release|Any CPU
		{CA9193CD-9FAE-468A-AE23-F5ECBE548AF7}.Release|Any CPU.Build.0 = Release|Any CPU
	EndGlobalSection
	GlobalSection(SolutionProperties) = preSolution
		HideSolutionNode = FALSE
	EndGlobalSection
	GlobalSection(ExtensibilityGlobals) = postSolution
		SolutionGuid = {64CBD874-C50A-4397-9AB5-802A4748F35B}
	EndGlobalSection
EndGlobal
